
Microsoft Visual Studio Solution File, Format Version 12.00
# Visual Studio 15
VisualStudioVersion = 15.0.25923.1
MinimumVisualStudioVersion = 10.0.40219.1
Project("{FAE04EC0-301F-11D3-BF4B-00C04F79EFBC}") = "PasteToTarget", "PasteToTarget\PasteToTarget.csproj", "{95AA3774-E13A-45F7-869B-E193F628B08C}"
EndProject
Project("{FAE04EC0-301F-11D3-BF4B-00C04F79EFBC}") = "PasteToTargetFeedbackLoop", "PasteToTargetFeedbackLoop\PasteToTargetFeedbackLoop.csproj", "{9647D2D8-B592-4E25-9195-015E17CB22F9}"
EndProject
Project("{FAE04EC0-301F-11D3-BF4B-00C04F79EFBC}") = "PasteToTargetStatus", "PasteToTargetStatus\PasteToTargetStatus.csproj", "{A2C01FD6-8CF8-4210-B0BD-D2BB91C8E6D5}"
EndProject
Global
	GlobalSection(SolutionConfigurationPlatforms) = preSolution
		Debug|Any CPU = Debug|Any CPU
		Release|Any CPU = Release|Any CPU
	EndGlobalSection
	GlobalSection(ProjectConfigurationPlatforms) = postSolution
		{95AA3774-E13A-45F7-869B-E193F628B08C}.Debug|Any CPU.ActiveCfg = Debug|Any CPU
		{95AA3774-E13A-45F7-869B-E193F628B08C}.Debug|Any CPU.Build.0 = Debug|Any CPU
		{95AA3774-E13A-45F7-869B-E193F628B08C}.Release|Any CPU.ActiveCfg = Release|Any CPU
		{95AA3774-E13A-45F7-869B-E193F628B08C}.Release|Any CPU.Build.0 = Release|Any CPU
		{9647D2D8-B592-4E25-9195-015E17CB22F9}.Debug|Any CPU.ActiveCfg = Debug|Any CPU
		{9647D2D8-B592-4E25-9195-015E17CB22F9}.Debug|Any CPU.Build.0 = Debug|Any CPU
		{9647D2D8-B592-4E25-9195-015E17CB22F9}.Release|Any CPU.ActiveCfg = Release|Any CPU
		{9647D2D8-B592-4E25-9195-015E17CB22F9}.Release|Any CPU.Build.0 = Release|Any CPU
		{A2C01FD6-8CF8-4210-B0BD-D2BB91C8E6D5}.Debug|Any CPU.ActiveCfg = Debug|Any CPU
		{A2C01FD6-8CF8-4210-B0BD-D2BB91C8E6D5}.Debug|Any CPU.Build.0 = Debug|Any CPU
		{A2C01FD6-8CF8-4210-B0BD-D2BB91C8E6D5}.Release|Any CPU.ActiveCfg = Release|Any CPU
		{A2C01FD6-8CF8-4210-B0BD-D2BB91C8E6D5}.Release|Any CPU.Build.0 = Release|Any CPU
	EndGlobalSection
	GlobalSection(SolutionProperties) = preSolution
		HideSolutionNode = FALSE
	EndGlobalSection
EndGlobal
